
Microsoft Visual Studio Solution File, Format Version 12.00
# Visual Studio Version 17
VisualStudioVersion = 17.10.34916.146
MinimumVisualStudioVersion = 10.0.40219.1
Project("{FAE04EC0-301F-11D3-BF4B-00C04F79EFBC}") = "Proyecto", "Proyecto\Proyecto.csproj", "{A6B1C2E4-6D84-4A23-9BF3-A236E4060AED}"
EndProject
Global
	GlobalSection(SolutionConfigurationPlatforms) = preSolution
		Debug|Any CPU = Debug|Any CPU
		Release|Any CPU = Release|Any CPU
	EndGlobalSection
	GlobalSection(ProjectConfigurationPlatforms) = postSolution
		{A6B1C2E4-6D84-4A23-9BF3-A236E4060AED}.Debug|Any CPU.ActiveCfg = Debug|Any CPU
		{A6B1C2E4-6D84-4A23-9BF3-A236E4060AED}.Debug|Any CPU.Build.0 = Debug|Any CPU
		{A6B1C2E4-6D84-4A23-9BF3-A236E4060AED}.Release|Any CPU.ActiveCfg = Release|Any CPU
		{A6B1C2E4-6D84-4A23-9BF3-A236E4060AED}.Release|Any CPU.Build.0 = Release|Any CPU
	EndGlobalSection
	GlobalSection(SolutionProperties) = preSolution
		HideSolutionNode = FALSE
	EndGlobalSection
	GlobalSection(ExtensibilityGlobals) = postSolution
		SolutionGuid = {2D895F0D-BF4A-4CBA-B799-3617D1855FA2}
	EndGlobalSection
EndGlobal
